// !$*UTF8*$!
{
	archiveVersion = 1;
	classes = {
	};
	objectVersion = 50;
	objects = {

/* Begin PBXBuildFile section */
		96728297232FE0A300CB401B /* AppDelegate.swift in Sources */ = {isa = PBXBuildFile; fileRef = 96728296232FE0A300CB401B /* AppDelegate.swift */; };
		96728299232FE0A300CB401B /* ViewController.swift in Sources */ = {isa = PBXBuildFile; fileRef = 96728298232FE0A300CB401B /* ViewController.swift */; };
		9672829C232FE0A300CB401B /* Main.storyboard in Resources */ = {isa = PBXBuildFile; fileRef = 9672829A232FE0A300CB401B /* Main.storyboard */; };
		9672829E232FE0A400CB401B /* Assets.xcassets in Resources */ = {isa = PBXBuildFile; fileRef = 9672829D232FE0A400CB401B /* Assets.xcassets */; };
		967282A1232FE0A400CB401B /* LaunchScreen.storyboard in Resources */ = {isa = PBXBuildFile; fileRef = 9672829F232FE0A400CB401B /* LaunchScreen.storyboard */; };
		967282AC232FE0A400CB401B /* PunkBeerTests.swift in Sources */ = {isa = PBXBuildFile; fileRef = 967282AB232FE0A400CB401B /* PunkBeerTests.swift */; };
		967282B7232FE0A400CB401B /* PunkBeerUITests.swift in Sources */ = {isa = PBXBuildFile; fileRef = 967282B6232FE0A400CB401B /* PunkBeerUITests.swift */; };
/* End PBXBuildFile section */

/* Begin PBXContainerItemProxy section */
		967282A8232FE0A400CB401B /* PBXContainerItemProxy */ = {
			isa = PBXContainerItemProxy;
			containerPortal = 9672828B232FE0A300CB401B /* Project object */;
			proxyType = 1;
			remoteGlobalIDString = 96728292232FE0A300CB401B;
			remoteInfo = PunkBeer;
		};
		967282B3232FE0A400CB401B /* PBXContainerItemProxy */ = {
			isa = PBXContainerItemProxy;
			containerPortal = 9672828B232FE0A300CB401B /* Project object */;
			proxyType = 1;
			remoteGlobalIDString = 96728292232FE0A300CB401B;
			remoteInfo = PunkBeer;
		};
/* End PBXContainerItemProxy section */

/* Begin PBXFileReference section */
		96728293232FE0A300CB401B /* PunkBeer.app */ = {isa = PBXFileReference; explicitFileType = wrapper.application; includeInIndex = 0; path = PunkBeer.app; sourceTree = BUILT_PRODUCTS_DIR; };
		96728296232FE0A300CB401B /* AppDelegate.swift */ = {isa = PBXFileReference; lastKnownFileType = sourcecode.swift; path = AppDelegate.swift; sourceTree = "<group>"; };
		96728298232FE0A300CB401B /* ViewController.swift */ = {isa = PBXFileReference; lastKnownFileType = sourcecode.swift; path = ViewController.swift; sourceTree = "<group>"; };
		9672829B232FE0A300CB401B /* Base */ = {isa = PBXFileReference; lastKnownFileType = file.storyboard; name = Base; path = Base.lproj/Main.storyboard; sourceTree = "<group>"; };
		9672829D232FE0A400CB401B /* Assets.xcassets */ = {isa = PBXFileReference; lastKnownFileType = folder.assetcatalog; path = Assets.xcassets; sourceTree = "<group>"; };
		967282A0232FE0A400CB401B /* Base */ = {isa = PBXFileReference; lastKnownFileType = file.storyboard; name = Base; path = Base.lproj/LaunchScreen.storyboard; sourceTree = "<group>"; };
		967282A2232FE0A400CB401B /* Info.plist */ = {isa = PBXFileReference; lastKnownFileType = text.plist.xml; path = Info.plist; sourceTree = "<group>"; };
		967282A7232FE0A400CB401B /* PunkBeerTests.xctest */ = {isa = PBXFileReference; explicitFileType = wrapper.cfbundle; includeInIndex = 0; path = PunkBeerTests.xctest; sourceTree = BUILT_PRODUCTS_DIR; };
		967282AB232FE0A400CB401B /* PunkBeerTests.swift */ = {isa = PBXFileReference; lastKnownFileType = sourcecode.swift; path = PunkBeerTests.swift; sourceTree = "<group>"; };
		967282AD232FE0A400CB401B /* Info.plist */ = {isa = PBXFileReference; lastKnownFileType = text.plist.xml; path = Info.plist; sourceTree = "<group>"; };
		967282B2232FE0A400CB401B /* PunkBeerUITests.xctest */ = {isa = PBXFileReference; explicitFileType = wrapper.cfbundle; includeInIndex = 0; path = PunkBeerUITests.xctest; sourceTree = BUILT_PRODUCTS_DIR; };
		967282B6232FE0A400CB401B /* PunkBeerUITests.swift */ = {isa = PBXFileReference; lastKnownFileType = sourcecode.swift; path = PunkBeerUITests.swift; sourceTree = "<group>"; };
		967282B8232FE0A400CB401B /* Info.plist */ = {isa = PBXFileReference; lastKnownFileType = text.plist.xml; path = Info.plist; sourceTree = "<group>"; };
/* End PBXFileReference section */

/* Begin PBXFrameworksBuildPhase section */
		96728290232FE0A300CB401B /* Frameworks */ = {
			isa = PBXFrameworksBuildPhase;
			buildActionMask = 2147483647;
			files = (
			);
			runOnlyForDeploymentPostprocessing = 0;
		};
		967282A4232FE0A400CB401B /* Frameworks */ = {
			isa = PBXFrameworksBuildPhase;
			buildActionMask = 2147483647;
			files = (
			);
			runOnlyForDeploymentPostprocessing = 0;
		};
		967282AF232FE0A400CB401B /* Frameworks */ = {
			isa = PBXFrameworksBuildPhase;
			buildActionMask = 2147483647;
			files = (
			);
			runOnlyForDeploymentPostprocessing = 0;
		};
/* End PBXFrameworksBuildPhase section */

/* Begin PBXGroup section */
		9672828A232FE0A300CB401B = {
			isa = PBXGroup;
			children = (
				96728295232FE0A300CB401B /* PunkBeer */,
				967282AA232FE0A400CB401B /* PunkBeerTests */,
				967282B5232FE0A400CB401B /* PunkBeerUITests */,
				96728294232FE0A300CB401B /* Products */,
			);
			sourceTree = "<group>";
		};
		96728294232FE0A300CB401B /* Products */ = {
			isa = PBXGroup;
			children = (
				96728293232FE0A300CB401B /* PunkBeer.app */,
				967282A7232FE0A400CB401B /* PunkBeerTests.xctest */,
				967282B2232FE0A400CB401B /* PunkBeerUITests.xctest */,
			);
			name = Products;
			sourceTree = "<group>";
		};
		96728295232FE0A300CB401B /* PunkBeer */ = {
			isa = PBXGroup;
			children = (
				96728296232FE0A300CB401B /* AppDelegate.swift */,
				96728298232FE0A300CB401B /* ViewController.swift */,
				9672829A232FE0A300CB401B /* Main.storyboard */,
				9672829D232FE0A400CB401B /* Assets.xcassets */,
				9672829F232FE0A400CB401B /* LaunchScreen.storyboard */,
				967282A2232FE0A400CB401B /* Info.plist */,
			);
			path = PunkBeer;
			sourceTree = "<group>";
		};
		967282AA232FE0A400CB401B /* PunkBeerTests */ = {
			isa = PBXGroup;
			children = (
				967282AB232FE0A400CB401B /* PunkBeerTests.swift */,
				967282AD232FE0A400CB401B /* Info.plist */,
			);
			path = PunkBeerTests;
			sourceTree = "<group>";
		};
		967282B5232FE0A400CB401B /* PunkBeerUITests */ = {
			isa = PBXGroup;
			children = (
				967282B6232FE0A400CB401B /* PunkBeerUITests.swift */,
				967282B8232FE0A400CB401B /* Info.plist */,
			);
			path = PunkBeerUITests;
			sourceTree = "<group>";
		};
/* End PBXGroup section */

/* Begin PBXNativeTarget section */
		96728292232FE0A300CB401B /* PunkBeer */ = {
			isa = PBXNativeTarget;
			buildConfigurationList = 967282BB232FE0A400CB401B /* Build configuration list for PBXNativeTarget "PunkBeer" */;
			buildPhases = (
				9672828F232FE0A300CB401B /* Sources */,
				96728290232FE0A300CB401B /* Frameworks */,
				96728291232FE0A300CB401B /* Resources */,
			);
			buildRules = (
			);
			dependencies = (
			);
			name = PunkBeer;
			productName = PunkBeer;
			productReference = 96728293232FE0A300CB401B /* PunkBeer.app */;
			productType = "com.apple.product-type.application";
		};
		967282A6232FE0A400CB401B /* PunkBeerTests */ = {
			isa = PBXNativeTarget;
			buildConfigurationList = 967282BE232FE0A400CB401B /* Build configuration list for PBXNativeTarget "PunkBeerTests" */;
			buildPhases = (
				967282A3232FE0A400CB401B /* Sources */,
				967282A4232FE0A400CB401B /* Frameworks */,
				967282A5232FE0A400CB401B /* Resources */,
			);
			buildRules = (
			);
			dependencies = (
				967282A9232FE0A400CB401B /* PBXTargetDependency */,
			);
			name = PunkBeerTests;
			productName = PunkBeerTests;
			productReference = 967282A7232FE0A400CB401B /* PunkBeerTests.xctest */;
			productType = "com.apple.product-type.bundle.unit-test";
		};
		967282B1232FE0A400CB401B /* PunkBeerUITests */ = {
			isa = PBXNativeTarget;
			buildConfigurationList = 967282C1232FE0A400CB401B /* Build configuration list for PBXNativeTarget "PunkBeerUITests" */;
			buildPhases = (
				967282AE232FE0A400CB401B /* Sources */,
				967282AF232FE0A400CB401B /* Frameworks */,
				967282B0232FE0A400CB401B /* Resources */,
			);
			buildRules = (
			);
			dependencies = (
				967282B4232FE0A400CB401B /* PBXTargetDependency */,
			);
			name = PunkBeerUITests;
			productName = PunkBeerUITests;
			productReference = 967282B2232FE0A400CB401B /* PunkBeerUITests.xctest */;
			productType = "com.apple.product-type.bundle.ui-testing";
		};
/* End PBXNativeTarget section */

/* Begin PBXProject section */
		9672828B232FE0A300CB401B /* Project object */ = {
			isa = PBXProject;
			attributes = {
				LastSwiftUpdateCheck = 1030;
				LastUpgradeCheck = 1030;
				ORGANIZATIONNAME = EASIFY;
				TargetAttributes = {
					96728292232FE0A300CB401B = {
						CreatedOnToolsVersion = 10.3;
					};
					967282A6232FE0A400CB401B = {
						CreatedOnToolsVersion = 10.3;
						TestTargetID = 96728292232FE0A300CB401B;
					};
					967282B1232FE0A400CB401B = {
						CreatedOnToolsVersion = 10.3;
						TestTargetID = 96728292232FE0A300CB401B;
					};
				};
			};
			buildConfigurationList = 9672828E232FE0A300CB401B /* Build configuration list for PBXProject "PunkBeer" */;
			compatibilityVersion = "Xcode 9.3";
			developmentRegion = en;
			hasScannedForEncodings = 0;
			knownRegions = (
				en,
				Base,
			);
			mainGroup = 9672828A232FE0A300CB401B;
			productRefGroup = 96728294232FE0A300CB401B /* Products */;
			projectDirPath = "";
			projectRoot = "";
			targets = (
				96728292232FE0A300CB401B /* PunkBeer */,
				967282A6232FE0A400CB401B /* PunkBeerTests */,
				967282B1232FE0A400CB401B /* PunkBeerUITests */,
			);
		};
/* End PBXProject section */

/* Begin PBXResourcesBuildPhase section */
		96728291232FE0A300CB401B /* Resources */ = {
			isa = PBXResourcesBuildPhase;
			buildActionMask = 2147483647;
			files = (
				967282A1232FE0A400CB401B /* LaunchScreen.storyboard in Resources */,
				9672829E232FE0A400CB401B /* Assets.xcassets in Resources */,
				9672829C232FE0A300CB401B /* Main.storyboard in Resources */,
			);
			runOnlyForDeploymentPostprocessing = 0;
		};
		967282A5232FE0A400CB401B /* Resources */ = {
			isa = PBXResourcesBuildPhase;
			buildActionMask = 2147483647;
			files = (
			);
			runOnlyForDeploymentPostprocessing = 0;
		};
		967282B0232FE0A400CB401B /* Resources */ = {
			isa = PBXResourcesBuildPhase;
			buildActionMask = 2147483647;
			files = (
			);
			runOnlyForDeploymentPostprocessing = 0;
		};
/* End PBXResourcesBuildPhase section */

/* Begin PBXSourcesBuildPhase section */
		9672828F232FE0A300CB401B /* Sources */ = {
			isa = PBXSourcesBuildPhase;
			buildActionMask = 2147483647;
			files = (
				96728299232FE0A300CB401B /* ViewController.swift in Sources */,
				96728297232FE0A300CB401B /* AppDelegate.swift in Sources */,
			);
			runOnlyForDeploymentPostprocessing = 0;
		};
		967282A3232FE0A400CB401B /* Sources */ = {
			isa = PBXSourcesBuildPhase;
			buildActionMask = 2147483647;
			files = (
				967282AC232FE0A400CB401B /* PunkBeerTests.swift in Sources */,
			);
			runOnlyForDeploymentPostprocessing = 0;
		};
		967282AE232FE0A400CB401B /* Sources */ = {
			isa = PBXSourcesBuildPhase;
			buildActionMask = 2147483647;
			files = (
				967282B7232FE0A400CB401B /* PunkBeerUITests.swift in Sources */,
			);
			runOnlyForDeploymentPostprocessing = 0;
		};
/* End PBXSourcesBuildPhase section */

/* Begin PBXTargetDependency section */
		967282A9232FE0A400CB401B /* PBXTargetDependency */ = {
			isa = PBXTargetDependency;
			target = 96728292232FE0A300CB401B /* PunkBeer */;
			targetProxy = 967282A8232FE0A400CB401B /* PBXContainerItemProxy */;
		};
		967282B4232FE0A400CB401B /* PBXTargetDependency */ = {
			isa = PBXTargetDependency;
			target = 96728292232FE0A300CB401B /* PunkBeer */;
			targetProxy = 967282B3232FE0A400CB401B /* PBXContainerItemProxy */;
		};
/* End PBXTargetDependency section */

/* Begin PBXVariantGroup section */
		9672829A232FE0A300CB401B /* Main.storyboard */ = {
			isa = PBXVariantGroup;
			children = (
				9672829B232FE0A300CB401B /* Base */,
			);
			name = Main.storyboard;
			sourceTree = "<group>";
		};
		9672829F232FE0A400CB401B /* LaunchScreen.storyboard */ = {
			isa = PBXVariantGroup;
			children = (
				967282A0232FE0A400CB401B /* Base */,
			);
			name = LaunchScreen.storyboard;
			sourceTree = "<group>";
		};
/* End PBXVariantGroup section */

/* Begin XCBuildConfiguration section */
		967282B9232FE0A400CB401B /* Debug */ = {
			isa = XCBuildConfiguration;
			buildSettings = {
				ALWAYS_SEARCH_USER_PATHS = NO;
				CLANG_ANALYZER_NONNULL = YES;
				CLANG_ANALYZER_NUMBER_OBJECT_CONVERSION = YES_AGGRESSIVE;
				CLANG_CXX_LANGUAGE_STANDARD = "gnu++14";
				CLANG_CXX_LIBRARY = "libc++";
				CLANG_ENABLE_MODULES = YES;
				CLANG_ENABLE_OBJC_ARC = YES;
				CLANG_ENABLE_OBJC_WEAK = YES;
				CLANG_WARN_BLOCK_CAPTURE_AUTORELEASING = YES;
				CLANG_WARN_BOOL_CONVERSION = YES;
				CLANG_WARN_COMMA = YES;
				CLANG_WARN_CONSTANT_CONVERSION = YES;
				CLANG_WARN_DEPRECATED_OBJC_IMPLEMENTATIONS = YES;
				CLANG_WARN_DIRECT_OBJC_ISA_USAGE = YES_ERROR;
				CLANG_WARN_DOCUMENTATION_COMMENTS = YES;
				CLANG_WARN_EMPTY_BODY = YES;
				CLANG_WARN_ENUM_CONVERSION = YES;
				CLANG_WARN_INFINITE_RECURSION = YES;
				CLANG_WARN_INT_CONVERSION = YES;
				CLANG_WARN_NON_LITERAL_NULL_CONVERSION = YES;
				CLANG_WARN_OBJC_IMPLICIT_RETAIN_SELF = YES;
				CLANG_WARN_OBJC_LITERAL_CONVERSION = YES;
				CLANG_WARN_OBJC_ROOT_CLASS = YES_ERROR;
				CLANG_WARN_RANGE_LOOP_ANALYSIS = YES;
				CLANG_WARN_STRICT_PROTOTYPES = YES;
				CLANG_WARN_SUSPICIOUS_MOVE = YES;
				CLANG_WARN_UNGUARDED_AVAILABILITY = YES_AGGRESSIVE;
				CLANG_WARN_UNREACHABLE_CODE = YES;
				CLANG_WARN__DUPLICATE_METHOD_MATCH = YES;
				CODE_SIGN_IDENTITY = "iPhone Developer";
				COPY_PHASE_STRIP = NO;
				DEBUG_INFORMATION_FORMAT = dwarf;
				ENABLE_STRICT_OBJC_MSGSEND = YES;
				ENABLE_TESTABILITY = YES;
				GCC_C_LANGUAGE_STANDARD = gnu11;
				GCC_DYNAMIC_NO_PIC = NO;
				GCC_NO_COMMON_BLOCKS = YES;
				GCC_OPTIMIZATION_LEVEL = 0;
				GCC_PREPROCESSOR_DEFINITIONS = (
					"DEBUG=1",
					"$(inherited)",
				);
				GCC_WARN_64_TO_32_BIT_CONVERSION = YES;
				GCC_WARN_ABOUT_RETURN_TYPE = YES_ERROR;
				GCC_WARN_UNDECLARED_SELECTOR = YES;
				GCC_WARN_UNINITIALIZED_AUTOS = YES_AGGRESSIVE;
				GCC_WARN_UNUSED_FUNCTION = YES;
				GCC_WARN_UNUSED_VARIABLE = YES;
				IPHONEOS_DEPLOYMENT_TARGET = 12.4;
				MTL_ENABLE_DEBUG_INFO = INCLUDE_SOURCE;
				MTL_FAST_MATH = YES;
				ONLY_ACTIVE_ARCH = YES;
				SDKROOT = iphoneos;
				SWIFT_ACTIVE_COMPILATION_CONDITIONS = DEBUG;
				SWIFT_OPTIMIZATION_LEVEL = "-Onone";
			};
			name = Debug;
		};
		967282BA232FE0A400CB401B /* Release */ = {
			isa = XCBuildConfiguration;
			buildSettings = {
				ALWAYS_SEARCH_USER_PATHS = NO;
				CLANG_ANALYZER_NONNULL = YES;
				CLANG_ANALYZER_NUMBER_OBJECT_CONVERSION = YES_AGGRESSIVE;
				CLANG_CXX_LANGUAGE_STANDARD = "gnu++14";
				CLANG_CXX_LIBRARY = "libc++";
				CLANG_ENABLE_MODULES = YES;
				CLANG_ENABLE_OBJC_ARC = YES;
				CLANG_ENABLE_OBJC_WEAK = YES;
				CLANG_WARN_BLOCK_CAPTURE_AUTORELEASING = YES;
				CLANG_WARN_BOOL_CONVERSION = YES;
				CLANG_WARN_COMMA = YES;
				CLANG_WARN_CONSTANT_CONVERSION = YES;
				CLANG_WARN_DEPRECATED_OBJC_IMPLEMENTATIONS = YES;
				CLANG_WARN_DIRECT_OBJC_ISA_USAGE = YES_ERROR;
				CLANG_WARN_DOCUMENTATION_COMMENTS = YES;
				CLANG_WARN_EMPTY_BODY = YES;
				CLANG_WARN_ENUM_CONVERSION = YES;
				CLANG_WARN_INFINITE_RECURSION = YES;
				CLANG_WARN_INT_CONVERSION = YES;
				CLANG_WARN_NON_LITERAL_NULL_CONVERSION = YES;
				CLANG_WARN_OBJC_IMPLICIT_RETAIN_SELF = YES;
				CLANG_WARN_OBJC_LITERAL_CONVERSION = YES;
				CLANG_WARN_OBJC_ROOT_CLASS = YES_ERROR;
				CLANG_WARN_RANGE_LOOP_ANALYSIS = YES;
				CLANG_WARN_STRICT_PROTOTYPES = YES;
				CLANG_WARN_SUSPICIOUS_MOVE = YES;
				CLANG_WARN_UNGUARDED_AVAILABILITY = YES_AGGRESSIVE;
				CLANG_WARN_UNREACHABLE_CODE = YES;
				CLANG_WARN__DUPLICATE_METHOD_MATCH = YES;
				CODE_SIGN_IDENTITY = "iPhone Developer";
				COPY_PHASE_STRIP = NO;
				DEBUG_INFORMATION_FORMAT = "dwarf-with-dsym";
				ENABLE_NS_ASSERTIONS = NO;
				ENABLE_STRICT_OBJC_MSGSEND = YES;
				GCC_C_LANGUAGE_STANDARD = gnu11;
				GCC_NO_COMMON_BLOCKS = YES;
				GCC_WARN_64_TO_32_BIT_CONVERSION = YES;
				GCC_WARN_ABOUT_RETURN_TYPE = YES_ERROR;
				GCC_WARN_UNDECLARED_SELECTOR = YES;
				GCC_WARN_UNINITIALIZED_AUTOS = YES_AGGRESSIVE;
				GCC_WARN_UNUSED_FUNCTION = YES;
				GCC_WARN_UNUSED_VARIABLE = YES;
				IPHONEOS_DEPLOYMENT_TARGET = 12.4;
				MTL_ENABLE_DEBUG_INFO = NO;
				MTL_FAST_MATH = YES;
				SDKROOT = iphoneos;
				SWIFT_COMPILATION_MODE = wholemodule;
				SWIFT_OPTIMIZATION_LEVEL = "-O";
				VALIDATE_PRODUCT = YES;
			};
			name = Release;
		};
		967282BC232FE0A400CB401B /* Debug */ = {
			isa = XCBuildConfiguration;
			buildSettings = {
				ASSETCATALOG_COMPILER_APPICON_NAME = AppIcon;
				CODE_SIGN_STYLE = Automatic;
				DEVELOPMENT_TEAM = 9GXPKHW5VP;
				INFOPLIST_FILE = PunkBeer/Info.plist;
				LD_RUNPATH_SEARCH_PATHS = (
					"$(inherited)",
					"@executable_path/Frameworks",
				);
				PRODUCT_BUNDLE_IDENTIFIER = br.net.easify.PunkBeer;
				PRODUCT_NAME = "$(TARGET_NAME)";
				SWIFT_VERSION = 5.0;
				TARGETED_DEVICE_FAMILY = "1,2";
			};
			name = Debug;
		};
		967282BD232FE0A400CB401B /* Release */ = {
			isa = XCBuildConfiguration;
			buildSettings = {
				ASSETCATALOG_COMPILER_APPICON_NAME = AppIcon;
				CODE_SIGN_STYLE = Automatic;
				DEVELOPMENT_TEAM = 9GXPKHW5VP;
				INFOPLIST_FILE = PunkBeer/Info.plist;
				LD_RUNPATH_SEARCH_PATHS = (
					"$(inherited)",
					"@executable_path/Frameworks",
				);
				PRODUCT_BUNDLE_IDENTIFIER = br.net.easify.PunkBeer;
				PRODUCT_NAME = "$(TARGET_NAME)";
				SWIFT_VERSION = 5.0;
				TARGETED_DEVICE_FAMILY = "1,2";
			};
			name = Release;
		};
		967282BF232FE0A400CB401B /* Debug */ = {
			isa = XCBuildConfiguration;
			buildSettings = {
				ALWAYS_EMBED_SWIFT_STANDARD_LIBRARIES = YES;
				BUNDLE_LOADER = "$(TEST_HOST)";
				CODE_SIGN_STYLE = Automatic;
				DEVELOPMENT_TEAM = 9GXPKHW5VP;
				INFOPLIST_FILE = PunkBeerTests/Info.plist;
				LD_RUNPATH_SEARCH_PATHS = (
					"$(inherited)",
					"@executable_path/Frameworks",
					"@loader_path/Frameworks",
				);
				PRODUCT_BUNDLE_IDENTIFIER = br.net.easify.PunkBeerTests;
				PRODUCT_NAME = "$(TARGET_NAME)";
				SWIFT_VERSION = 5.0;
				TARGETED_DEVICE_FAMILY = "1,2";
				TEST_HOST = "$(BUILT_PRODUCTS_DIR)/PunkBeer.app/PunkBeer";
			};
			name = Debug;
		};
		967282C0232FE0A400CB401B /* Release */ = {
			isa = XCBuildConfiguration;
			buildSettings = {
				ALWAYS_EMBED_SWIFT_STANDARD_LIBRARIES = YES;
				BUNDLE_LOADER = "$(TEST_HOST)";
				CODE_SIGN_STYLE = Automatic;
				DEVELOPMENT_TEAM = 9GXPKHW5VP;
				INFOPLIST_FILE = PunkBeerTests/Info.plist;
				LD_RUNPATH_SEARCH_PATHS = (
					"$(inherited)",
					"@executable_path/Frameworks",
					"@loader_path/Frameworks",
				);
				PRODUCT_BUNDLE_IDENTIFIER = br.net.easify.PunkBeerTests;
				PRODUCT_NAME = "$(TARGET_NAME)";
				SWIFT_VERSION = 5.0;
				TARGETED_DEVICE_FAMILY = "1,2";
				TEST_HOST = "$(BUILT_PRODUCTS_DIR)/PunkBeer.app/PunkBeer";
			};
			name = Release;
		};
		967282C2232FE0A400CB401B /* Debug */ = {
			isa = XCBuildConfiguration;
			buildSettings = {
				ALWAYS_EMBED_SWIFT_STANDARD_LIBRARIES = YES;
				CODE_SIGN_STYLE = Automatic;
				DEVELOPMENT_TEAM = 9GXPKHW5VP;
				INFOPLIST_FILE = PunkBeerUITests/Info.plist;
				LD_RUNPATH_SEARCH_PATHS = (
					"$(inherited)",
					"@executable_path/Frameworks",
					"@loader_path/Frameworks",
				);
				PRODUCT_BUNDLE_IDENTIFIER = br.net.easify.PunkBeerUITests;
				PRODUCT_NAME = "$(TARGET_NAME)";
				SWIFT_VERSION = 5.0;
				TARGETED_DEVICE_FAMILY = "1,2";
				TEST_TARGET_NAME = PunkBeer;
			};
			name = Debug;
		};
		967282C3232FE0A400CB401B /* Release */ = {
			isa = XCBuildConfiguration;
			buildSettings = {
				ALWAYS_EMBED_SWIFT_STANDARD_LIBRARIES = YES;
				CODE_SIGN_STYLE = Automatic;
				DEVELOPMENT_TEAM = 9GXPKHW5VP;
				INFOPLIST_FILE = PunkBeerUITests/Info.plist;
				LD_RUNPATH_SEARCH_PATHS = (
					"$(inherited)",
					"@executable_path/Frameworks",
					"@loader_path/Frameworks",
				);
				PRODUCT_BUNDLE_IDENTIFIER = br.net.easify.PunkBeerUITests;
				PRODUCT_NAME = "$(TARGET_NAME)";
				SWIFT_VERSION = 5.0;
				TARGETED_DEVICE_FAMILY = "1,2";
				TEST_TARGET_NAME = PunkBeer;
			};
			name = Release;
		};
/* End XCBuildConfiguration section */

/* Begin XCConfigurationList section */
		9672828E232FE0A300CB401B /* Build configuration list for PBXProject "PunkBeer" */ = {
			isa = XCConfigurationList;
			buildConfigurations = (
				967282B9232FE0A400CB401B /* Debug */,
				967282BA232FE0A400CB401B /* Release */,
			);
			defaultConfigurationIsVisible = 0;
			defaultConfigurationName = Release;
		};
		967282BB232FE0A400CB401B /* Build configuration list for PBXNativeTarget "PunkBeer" */ = {
			isa = XCConfigurationList;
			buildConfigurations = (
				967282BC232FE0A400CB401B /* Debug */,
				967282BD232FE0A400CB401B /* Release */,
			);
			defaultConfigurationIsVisible = 0;
			defaultConfigurationName = Release;
		};
		967282BE232FE0A400CB401B /* Build configuration list for PBXNativeTarget "PunkBeerTests" */ = {
			isa = XCConfigurationList;
			buildConfigurations = (
				967282BF232FE0A400CB401B /* Debug */,
				967282C0232FE0A400CB401B /* Release */,
			);
			defaultConfigurationIsVisible = 0;
			defaultConfigurationName = Release;
		};
		967282C1232FE0A400CB401B /* Build configuration list for PBXNativeTarget "PunkBeerUITests" */ = {
			isa = XCConfigurationList;
			buildConfigurations = (
				967282C2232FE0A400CB401B /* Debug */,
				967282C3232FE0A400CB401B /* Release */,
			);
			defaultConfigurationIsVisible = 0;
			defaultConfigurationName = Release;
		};
/* End XCConfigurationList section */
	};
	rootObject = 9672828B232FE0A300CB401B /* Project object */;
}
