// !$*UTF8*$!
{
	archiveVersion = 1;
	classes = {
	};
	objectVersion = 51;
	objects = {

/* Begin PBXBuildFile section */
		3A0F285F5200CA1B64B45211 /* Pods_PunkBeer.framework in Frameworks */ = {isa = PBXBuildFile; fileRef = 366A04435EC9435898DAF0A8 /* Pods_PunkBeer.framework */; };
		66B2C590A1EE7B1A86592607 /* Pods_PunkBeerUITests.framework in Frameworks */ = {isa = PBXBuildFile; fileRef = E9088F0BB5FE18F9D845186D /* Pods_PunkBeerUITests.framework */; };
		9118BCE0821FA2A65ECCDF8A /* Pods_PunkBeerTests.framework in Frameworks */ = {isa = PBXBuildFile; fileRef = F9F71253E77CED5A3374FB33 /* Pods_PunkBeerTests.framework */; };
		9644F3FB23305509001D2420 /* Main.storyboard in Resources */ = {isa = PBXBuildFile; fileRef = 9644F3FA23305509001D2420 /* Main.storyboard */; };
		9644F3FD2330569E001D2420 /* BeerListTableViewController.swift in Sources */ = {isa = PBXBuildFile; fileRef = 9644F3FC2330569E001D2420 /* BeerListTableViewController.swift */; };
		9644F3FF233057CE001D2420 /* Beer.swift in Sources */ = {isa = PBXBuildFile; fileRef = 9644F3FE233057CE001D2420 /* Beer.swift */; };
		9644F4012330591D001D2420 /* BeerListViewModel.swift in Sources */ = {isa = PBXBuildFile; fileRef = 9644F4002330591D001D2420 /* BeerListViewModel.swift */; };
		9644F40323305B77001D2420 /* UIImageView+Cache.swift in Sources */ = {isa = PBXBuildFile; fileRef = 9644F40223305B77001D2420 /* UIImageView+Cache.swift */; };
		9644F40523305BF4001D2420 /* BeerService.swift in Sources */ = {isa = PBXBuildFile; fileRef = 9644F40423305BF4001D2420 /* BeerService.swift */; };
		96728297232FE0A300CB401B /* AppDelegate.swift in Sources */ = {isa = PBXBuildFile; fileRef = 96728296232FE0A300CB401B /* AppDelegate.swift */; };
		9672829E232FE0A400CB401B /* Assets.xcassets in Resources */ = {isa = PBXBuildFile; fileRef = 9672829D232FE0A400CB401B /* Assets.xcassets */; };
		967282A1232FE0A400CB401B /* LaunchScreen.storyboard in Resources */ = {isa = PBXBuildFile; fileRef = 9672829F232FE0A400CB401B /* LaunchScreen.storyboard */; };
		967282AC232FE0A400CB401B /* PunkBeerTests.swift in Sources */ = {isa = PBXBuildFile; fileRef = 967282AB232FE0A400CB401B /* PunkBeerTests.swift */; };
		967282B7232FE0A400CB401B /* PunkBeerUITests.swift in Sources */ = {isa = PBXBuildFile; fileRef = 967282B6232FE0A400CB401B /* PunkBeerUITests.swift */; };
		9683C6EF23314AB600D9103C /* beer.png in Resources */ = {isa = PBXBuildFile; fileRef = 9683C6ED23314AB600D9103C /* beer.png */; };
		9683C6F023314AB600D9103C /* favorites.png in Resources */ = {isa = PBXBuildFile; fileRef = 9683C6EE23314AB600D9103C /* favorites.png */; };
		9683C6F323315A2200D9103C /* FavoriteButton.swift in Sources */ = {isa = PBXBuildFile; fileRef = 9683C6F223315A2200D9103C /* FavoriteButton.swift */; };
		9683C6F52331647B00D9103C /* Favorite.swift in Sources */ = {isa = PBXBuildFile; fileRef = 9683C6F42331647B00D9103C /* Favorite.swift */; };
		9683C6F723316B8D00D9103C /* DBManager.swift in Sources */ = {isa = PBXBuildFile; fileRef = 9683C6F623316B8D00D9103C /* DBManager.swift */; };
		9683C6F923316F7100D9103C /* Realm+toArray.swift in Sources */ = {isa = PBXBuildFile; fileRef = 9683C6F823316F7100D9103C /* Realm+toArray.swift */; };
		96947F4D233210EC00B5ECBD /* FoodPairingViewModel.swift in Sources */ = {isa = PBXBuildFile; fileRef = 96947F4C233210EC00B5ECBD /* FoodPairingViewModel.swift */; };
		96947F5323321BB300B5ECBD /* HopsTableViewCell.xib in Resources */ = {isa = PBXBuildFile; fileRef = 96947F5223321BB300B5ECBD /* HopsTableViewCell.xib */; };
		96947F5523321CCF00B5ECBD /* HopsTableViewCell.swift in Sources */ = {isa = PBXBuildFile; fileRef = 96947F5423321CCF00B5ECBD /* HopsTableViewCell.swift */; };
		96947F5B23322FB800B5ECBD /* Double+toString.swift in Sources */ = {isa = PBXBuildFile; fileRef = 96947F5A23322FB800B5ECBD /* Double+toString.swift */; };
		96947F5D2332314300B5ECBD /* MaltTableViewCell.xib in Resources */ = {isa = PBXBuildFile; fileRef = 96947F5C2332314300B5ECBD /* MaltTableViewCell.xib */; };
		96947F5F2332315400B5ECBD /* MaltTableViewCell.swift in Sources */ = {isa = PBXBuildFile; fileRef = 96947F5E2332315400B5ECBD /* MaltTableViewCell.swift */; };
		96CF5C662331090200EB44CC /* AlertDisplayer.swift in Sources */ = {isa = PBXBuildFile; fileRef = 96CF5C652331090200EB44CC /* AlertDisplayer.swift */; };
		96CF5C6B23311B5F00EB44CC /* BeerTableViewCell.swift in Sources */ = {isa = PBXBuildFile; fileRef = 96CF5C6A23311B5F00EB44CC /* BeerTableViewCell.swift */; };
		96CF5C6D233127CA00EB44CC /* BeerDetailViewController.swift in Sources */ = {isa = PBXBuildFile; fileRef = 96CF5C6C233127CA00EB44CC /* BeerDetailViewController.swift */; };
		96CF5C70233129EC00EB44CC /* Constants.swift in Sources */ = {isa = PBXBuildFile; fileRef = 96CF5C6F233129EC00EB44CC /* Constants.swift */; };
		96DBCF8423317BF600E8F71C /* FavoritesTableViewController.swift in Sources */ = {isa = PBXBuildFile; fileRef = 96DBCF8323317BF600E8F71C /* FavoritesTableViewController.swift */; };
		96DBCF8623317C5C00E8F71C /* FavoritesViewModel.swift in Sources */ = {isa = PBXBuildFile; fileRef = 96DBCF8523317C5C00E8F71C /* FavoritesViewModel.swift */; };
		96DBCF8823319F6B00E8F71C /* IngredientsTableViewController.swift in Sources */ = {isa = PBXBuildFile; fileRef = 96DBCF8723319F6B00E8F71C /* IngredientsTableViewController.swift */; };
		96DBCF8A23319FB400E8F71C /* FoodPairingTableViewController.swift in Sources */ = {isa = PBXBuildFile; fileRef = 96DBCF8923319FB400E8F71C /* FoodPairingTableViewController.swift */; };
		96DBCF8C2331A20600E8F71C /* IngredientsViewModel.swift in Sources */ = {isa = PBXBuildFile; fileRef = 96DBCF8B2331A20600E8F71C /* IngredientsViewModel.swift */; };
/* End PBXBuildFile section */

/* Begin PBXContainerItemProxy section */
		967282A8232FE0A400CB401B /* PBXContainerItemProxy */ = {
			isa = PBXContainerItemProxy;
			containerPortal = 9672828B232FE0A300CB401B /* Project object */;
			proxyType = 1;
			remoteGlobalIDString = 96728292232FE0A300CB401B;
			remoteInfo = PunkBeer;
		};
		967282B3232FE0A400CB401B /* PBXContainerItemProxy */ = {
			isa = PBXContainerItemProxy;
			containerPortal = 9672828B232FE0A300CB401B /* Project object */;
			proxyType = 1;
			remoteGlobalIDString = 96728292232FE0A300CB401B;
			remoteInfo = PunkBeer;
		};
/* End PBXContainerItemProxy section */

/* Begin PBXFileReference section */
		366A04435EC9435898DAF0A8 /* Pods_PunkBeer.framework */ = {isa = PBXFileReference; explicitFileType = wrapper.framework; includeInIndex = 0; path = Pods_PunkBeer.framework; sourceTree = BUILT_PRODUCTS_DIR; };
		5ADA0B4F073D1D6426086872 /* Pods-PunkBeerTests.debug.xcconfig */ = {isa = PBXFileReference; includeInIndex = 1; lastKnownFileType = text.xcconfig; name = "Pods-PunkBeerTests.debug.xcconfig"; path = "Target Support Files/Pods-PunkBeerTests/Pods-PunkBeerTests.debug.xcconfig"; sourceTree = "<group>"; };
		6BF7C39F41226AD1B642898F /* Pods-PunkBeerUITests.debug.xcconfig */ = {isa = PBXFileReference; includeInIndex = 1; lastKnownFileType = text.xcconfig; name = "Pods-PunkBeerUITests.debug.xcconfig"; path = "Target Support Files/Pods-PunkBeerUITests/Pods-PunkBeerUITests.debug.xcconfig"; sourceTree = "<group>"; };
		779296B1FB63724FBDF709E0 /* Pods-PunkBeerTests.release.xcconfig */ = {isa = PBXFileReference; includeInIndex = 1; lastKnownFileType = text.xcconfig; name = "Pods-PunkBeerTests.release.xcconfig"; path = "Target Support Files/Pods-PunkBeerTests/Pods-PunkBeerTests.release.xcconfig"; sourceTree = "<group>"; };
		9644F3FA23305509001D2420 /* Main.storyboard */ = {isa = PBXFileReference; lastKnownFileType = file.storyboard; path = Main.storyboard; sourceTree = "<group>"; };
		9644F3FC2330569E001D2420 /* BeerListTableViewController.swift */ = {isa = PBXFileReference; lastKnownFileType = sourcecode.swift; path = BeerListTableViewController.swift; sourceTree = "<group>"; };
		9644F3FE233057CE001D2420 /* Beer.swift */ = {isa = PBXFileReference; lastKnownFileType = sourcecode.swift; path = Beer.swift; sourceTree = "<group>"; };
		9644F4002330591D001D2420 /* BeerListViewModel.swift */ = {isa = PBXFileReference; lastKnownFileType = sourcecode.swift; path = BeerListViewModel.swift; sourceTree = "<group>"; };
		9644F40223305B77001D2420 /* UIImageView+Cache.swift */ = {isa = PBXFileReference; lastKnownFileType = sourcecode.swift; path = "UIImageView+Cache.swift"; sourceTree = "<group>"; };
		9644F40423305BF4001D2420 /* BeerService.swift */ = {isa = PBXFileReference; lastKnownFileType = sourcecode.swift; path = BeerService.swift; sourceTree = "<group>"; };
		96728293232FE0A300CB401B /* PunkBeer.app */ = {isa = PBXFileReference; explicitFileType = wrapper.application; includeInIndex = 0; path = PunkBeer.app; sourceTree = BUILT_PRODUCTS_DIR; };
		96728296232FE0A300CB401B /* AppDelegate.swift */ = {isa = PBXFileReference; lastKnownFileType = sourcecode.swift; path = AppDelegate.swift; sourceTree = "<group>"; };
		9672829D232FE0A400CB401B /* Assets.xcassets */ = {isa = PBXFileReference; lastKnownFileType = folder.assetcatalog; path = Assets.xcassets; sourceTree = "<group>"; };
		967282A0232FE0A400CB401B /* Base */ = {isa = PBXFileReference; lastKnownFileType = file.storyboard; name = Base; path = Base.lproj/LaunchScreen.storyboard; sourceTree = "<group>"; };
		967282A2232FE0A400CB401B /* Info.plist */ = {isa = PBXFileReference; lastKnownFileType = text.plist.xml; path = Info.plist; sourceTree = "<group>"; };
		967282A7232FE0A400CB401B /* PunkBeerTests.xctest */ = {isa = PBXFileReference; explicitFileType = wrapper.cfbundle; includeInIndex = 0; path = PunkBeerTests.xctest; sourceTree = BUILT_PRODUCTS_DIR; };
		967282AB232FE0A400CB401B /* PunkBeerTests.swift */ = {isa = PBXFileReference; lastKnownFileType = sourcecode.swift; path = PunkBeerTests.swift; sourceTree = "<group>"; };
		967282AD232FE0A400CB401B /* Info.plist */ = {isa = PBXFileReference; lastKnownFileType = text.plist.xml; path = Info.plist; sourceTree = "<group>"; };
		967282B2232FE0A400CB401B /* PunkBeerUITests.xctest */ = {isa = PBXFileReference; explicitFileType = wrapper.cfbundle; includeInIndex = 0; path = PunkBeerUITests.xctest; sourceTree = BUILT_PRODUCTS_DIR; };
		967282B6232FE0A400CB401B /* PunkBeerUITests.swift */ = {isa = PBXFileReference; lastKnownFileType = sourcecode.swift; path = PunkBeerUITests.swift; sourceTree = "<group>"; };
		967282B8232FE0A400CB401B /* Info.plist */ = {isa = PBXFileReference; lastKnownFileType = text.plist.xml; path = Info.plist; sourceTree = "<group>"; };
		9683C6ED23314AB600D9103C /* beer.png */ = {isa = PBXFileReference; lastKnownFileType = image.png; path = beer.png; sourceTree = "<group>"; };
		9683C6EE23314AB600D9103C /* favorites.png */ = {isa = PBXFileReference; lastKnownFileType = image.png; path = favorites.png; sourceTree = "<group>"; };
		9683C6F223315A2200D9103C /* FavoriteButton.swift */ = {isa = PBXFileReference; lastKnownFileType = sourcecode.swift; path = FavoriteButton.swift; sourceTree = "<group>"; };
		9683C6F42331647B00D9103C /* Favorite.swift */ = {isa = PBXFileReference; lastKnownFileType = sourcecode.swift; path = Favorite.swift; sourceTree = "<group>"; };
		9683C6F623316B8D00D9103C /* DBManager.swift */ = {isa = PBXFileReference; lastKnownFileType = sourcecode.swift; path = DBManager.swift; sourceTree = "<group>"; };
		9683C6F823316F7100D9103C /* Realm+toArray.swift */ = {isa = PBXFileReference; lastKnownFileType = sourcecode.swift; path = "Realm+toArray.swift"; sourceTree = "<group>"; };
		96947F4C233210EC00B5ECBD /* FoodPairingViewModel.swift */ = {isa = PBXFileReference; lastKnownFileType = sourcecode.swift; path = FoodPairingViewModel.swift; sourceTree = "<group>"; };
		96947F5223321BB300B5ECBD /* HopsTableViewCell.xib */ = {isa = PBXFileReference; lastKnownFileType = file.xib; path = HopsTableViewCell.xib; sourceTree = "<group>"; };
		96947F5423321CCF00B5ECBD /* HopsTableViewCell.swift */ = {isa = PBXFileReference; lastKnownFileType = sourcecode.swift; path = HopsTableViewCell.swift; sourceTree = "<group>"; };
		96947F5A23322FB800B5ECBD /* Double+toString.swift */ = {isa = PBXFileReference; lastKnownFileType = sourcecode.swift; path = "Double+toString.swift"; sourceTree = "<group>"; };
		96947F5C2332314300B5ECBD /* MaltTableViewCell.xib */ = {isa = PBXFileReference; lastKnownFileType = file.xib; path = MaltTableViewCell.xib; sourceTree = "<group>"; };
		96947F5E2332315400B5ECBD /* MaltTableViewCell.swift */ = {isa = PBXFileReference; lastKnownFileType = sourcecode.swift; path = MaltTableViewCell.swift; sourceTree = "<group>"; };
		96CF5C652331090200EB44CC /* AlertDisplayer.swift */ = {isa = PBXFileReference; lastKnownFileType = sourcecode.swift; path = AlertDisplayer.swift; sourceTree = "<group>"; };
		96CF5C6A23311B5F00EB44CC /* BeerTableViewCell.swift */ = {isa = PBXFileReference; lastKnownFileType = sourcecode.swift; path = BeerTableViewCell.swift; sourceTree = "<group>"; };
		96CF5C6C233127CA00EB44CC /* BeerDetailViewController.swift */ = {isa = PBXFileReference; lastKnownFileType = sourcecode.swift; path = BeerDetailViewController.swift; sourceTree = "<group>"; };
		96CF5C6F233129EC00EB44CC /* Constants.swift */ = {isa = PBXFileReference; lastKnownFileType = sourcecode.swift; path = Constants.swift; sourceTree = "<group>"; };
		96DBCF8323317BF600E8F71C /* FavoritesTableViewController.swift */ = {isa = PBXFileReference; lastKnownFileType = sourcecode.swift; path = FavoritesTableViewController.swift; sourceTree = "<group>"; };
		96DBCF8523317C5C00E8F71C /* FavoritesViewModel.swift */ = {isa = PBXFileReference; lastKnownFileType = sourcecode.swift; path = FavoritesViewModel.swift; sourceTree = "<group>"; };
		96DBCF8723319F6B00E8F71C /* IngredientsTableViewController.swift */ = {isa = PBXFileReference; lastKnownFileType = sourcecode.swift; path = IngredientsTableViewController.swift; sourceTree = "<group>"; };
		96DBCF8923319FB400E8F71C /* FoodPairingTableViewController.swift */ = {isa = PBXFileReference; lastKnownFileType = sourcecode.swift; path = FoodPairingTableViewController.swift; sourceTree = "<group>"; };
		96DBCF8B2331A20600E8F71C /* IngredientsViewModel.swift */ = {isa = PBXFileReference; lastKnownFileType = sourcecode.swift; path = IngredientsViewModel.swift; sourceTree = "<group>"; };
		C5F25F36CEFE8A89ACA47553 /* Pods-PunkBeer.debug.xcconfig */ = {isa = PBXFileReference; includeInIndex = 1; lastKnownFileType = text.xcconfig; name = "Pods-PunkBeer.debug.xcconfig"; path = "Target Support Files/Pods-PunkBeer/Pods-PunkBeer.debug.xcconfig"; sourceTree = "<group>"; };
		DD4A9C4C6E1938CFC3D98981 /* Pods-PunkBeer.release.xcconfig */ = {isa = PBXFileReference; includeInIndex = 1; lastKnownFileType = text.xcconfig; name = "Pods-PunkBeer.release.xcconfig"; path = "Target Support Files/Pods-PunkBeer/Pods-PunkBeer.release.xcconfig"; sourceTree = "<group>"; };
		E9088F0BB5FE18F9D845186D /* Pods_PunkBeerUITests.framework */ = {isa = PBXFileReference; explicitFileType = wrapper.framework; includeInIndex = 0; path = Pods_PunkBeerUITests.framework; sourceTree = BUILT_PRODUCTS_DIR; };
		F9F71253E77CED5A3374FB33 /* Pods_PunkBeerTests.framework */ = {isa = PBXFileReference; explicitFileType = wrapper.framework; includeInIndex = 0; path = Pods_PunkBeerTests.framework; sourceTree = BUILT_PRODUCTS_DIR; };
		FDA6B055DC4D0EA5152743CE /* Pods-PunkBeerUITests.release.xcconfig */ = {isa = PBXFileReference; includeInIndex = 1; lastKnownFileType = text.xcconfig; name = "Pods-PunkBeerUITests.release.xcconfig"; path = "Target Support Files/Pods-PunkBeerUITests/Pods-PunkBeerUITests.release.xcconfig"; sourceTree = "<group>"; };
/* End PBXFileReference section */

/* Begin PBXFrameworksBuildPhase section */
		96728290232FE0A300CB401B /* Frameworks */ = {
			isa = PBXFrameworksBuildPhase;
			buildActionMask = 2147483647;
			files = (
				3A0F285F5200CA1B64B45211 /* Pods_PunkBeer.framework in Frameworks */,
			);
			runOnlyForDeploymentPostprocessing = 0;
		};
		967282A4232FE0A400CB401B /* Frameworks */ = {
			isa = PBXFrameworksBuildPhase;
			buildActionMask = 2147483647;
			files = (
				9118BCE0821FA2A65ECCDF8A /* Pods_PunkBeerTests.framework in Frameworks */,
			);
			runOnlyForDeploymentPostprocessing = 0;
		};
		967282AF232FE0A400CB401B /* Frameworks */ = {
			isa = PBXFrameworksBuildPhase;
			buildActionMask = 2147483647;
			files = (
				66B2C590A1EE7B1A86592607 /* Pods_PunkBeerUITests.framework in Frameworks */,
			);
			runOnlyForDeploymentPostprocessing = 0;
		};
/* End PBXFrameworksBuildPhase section */

/* Begin PBXGroup section */
		17051E3632061E11DE6695BE /* Pods */ = {
			isa = PBXGroup;
			children = (
				C5F25F36CEFE8A89ACA47553 /* Pods-PunkBeer.debug.xcconfig */,
				DD4A9C4C6E1938CFC3D98981 /* Pods-PunkBeer.release.xcconfig */,
				5ADA0B4F073D1D6426086872 /* Pods-PunkBeerTests.debug.xcconfig */,
				779296B1FB63724FBDF709E0 /* Pods-PunkBeerTests.release.xcconfig */,
				6BF7C39F41226AD1B642898F /* Pods-PunkBeerUITests.debug.xcconfig */,
				FDA6B055DC4D0EA5152743CE /* Pods-PunkBeerUITests.release.xcconfig */,
			);
			path = Pods;
			sourceTree = "<group>";
		};
		9672828A232FE0A300CB401B = {
			isa = PBXGroup;
			children = (
				96728295232FE0A300CB401B /* PunkBeer */,
				967282AA232FE0A400CB401B /* PunkBeerTests */,
				967282B5232FE0A400CB401B /* PunkBeerUITests */,
				96728294232FE0A300CB401B /* Products */,
				17051E3632061E11DE6695BE /* Pods */,
				A755119243437F2C0BA1AC8F /* Frameworks */,
			);
			sourceTree = "<group>";
		};
		96728294232FE0A300CB401B /* Products */ = {
			isa = PBXGroup;
			children = (
				96728293232FE0A300CB401B /* PunkBeer.app */,
				967282A7232FE0A400CB401B /* PunkBeerTests.xctest */,
				967282B2232FE0A400CB401B /* PunkBeerUITests.xctest */,
			);
			name = Products;
			sourceTree = "<group>";
		};
		96728295232FE0A300CB401B /* PunkBeer */ = {
			isa = PBXGroup;
			children = (
				9683C6F123315A0500D9103C /* SubClasses */,
				9683C6EC23314AA200D9103C /* Images */,
				96CF5C6E233129D400EB44CC /* Contants */,
				96CF5C6923311B4D00EB44CC /* Cells */,
				967282CA232FE20500CB401B /* Controller */,
				967282C9232FE1BF00CB401B /* Extensions */,
				967282C8232FE1AF00CB401B /* Services */,
				967282C7232FE1A200CB401B /* Resources */,
				967282C6232FE19200CB401B /* ViewModel */,
				967282C5232FE18200CB401B /* View */,
				967282C4232FE16D00CB401B /* Model */,
			);
			path = PunkBeer;
			sourceTree = "<group>";
		};
		967282AA232FE0A400CB401B /* PunkBeerTests */ = {
			isa = PBXGroup;
			children = (
				967282AB232FE0A400CB401B /* PunkBeerTests.swift */,
				967282AD232FE0A400CB401B /* Info.plist */,
			);
			path = PunkBeerTests;
			sourceTree = "<group>";
		};
		967282B5232FE0A400CB401B /* PunkBeerUITests */ = {
			isa = PBXGroup;
			children = (
				967282B6232FE0A400CB401B /* PunkBeerUITests.swift */,
				967282B8232FE0A400CB401B /* Info.plist */,
			);
			path = PunkBeerUITests;
			sourceTree = "<group>";
		};
		967282C4232FE16D00CB401B /* Model */ = {
			isa = PBXGroup;
			children = (
				9644F3FE233057CE001D2420 /* Beer.swift */,
				9683C6F42331647B00D9103C /* Favorite.swift */,
			);
			path = Model;
			sourceTree = "<group>";
		};
		967282C5232FE18200CB401B /* View */ = {
			isa = PBXGroup;
			children = (
				9672829F232FE0A400CB401B /* LaunchScreen.storyboard */,
				9644F3FA23305509001D2420 /* Main.storyboard */,
			);
			path = View;
			sourceTree = "<group>";
		};
		967282C6232FE19200CB401B /* ViewModel */ = {
			isa = PBXGroup;
			children = (
				9644F4002330591D001D2420 /* BeerListViewModel.swift */,
				96DBCF8523317C5C00E8F71C /* FavoritesViewModel.swift */,
				96DBCF8B2331A20600E8F71C /* IngredientsViewModel.swift */,
				96947F4C233210EC00B5ECBD /* FoodPairingViewModel.swift */,
			);
			path = ViewModel;
			sourceTree = "<group>";
		};
		967282C7232FE1A200CB401B /* Resources */ = {
			isa = PBXGroup;
			children = (
				96728296232FE0A300CB401B /* AppDelegate.swift */,
				9672829D232FE0A400CB401B /* Assets.xcassets */,
				967282A2232FE0A400CB401B /* Info.plist */,
			);
			path = Resources;
			sourceTree = "<group>";
		};
		967282C8232FE1AF00CB401B /* Services */ = {
			isa = PBXGroup;
			children = (
				9644F40423305BF4001D2420 /* BeerService.swift */,
				9683C6F623316B8D00D9103C /* DBManager.swift */,
			);
			path = Services;
			sourceTree = "<group>";
		};
		967282C9232FE1BF00CB401B /* Extensions */ = {
			isa = PBXGroup;
			children = (
				9644F40223305B77001D2420 /* UIImageView+Cache.swift */,
				96CF5C652331090200EB44CC /* AlertDisplayer.swift */,
				9683C6F823316F7100D9103C /* Realm+toArray.swift */,
				96947F5A23322FB800B5ECBD /* Double+toString.swift */,
			);
			path = Extensions;
			sourceTree = "<group>";
		};
		967282CA232FE20500CB401B /* Controller */ = {
			isa = PBXGroup;
			children = (
				9644F3FC2330569E001D2420 /* BeerListTableViewController.swift */,
				96CF5C6C233127CA00EB44CC /* BeerDetailViewController.swift */,
				96DBCF8323317BF600E8F71C /* FavoritesTableViewController.swift */,
				96DBCF8723319F6B00E8F71C /* IngredientsTableViewController.swift */,
				96DBCF8923319FB400E8F71C /* FoodPairingTableViewController.swift */,
			);
			path = Controller;
			sourceTree = "<group>";
		};
		9683C6EC23314AA200D9103C /* Images */ = {
			isa = PBXGroup;
			children = (
				9683C6ED23314AB600D9103C /* beer.png */,
				9683C6EE23314AB600D9103C /* favorites.png */,
			);
			path = Images;
			sourceTree = "<group>";
		};
		9683C6F123315A0500D9103C /* SubClasses */ = {
			isa = PBXGroup;
			children = (
				9683C6F223315A2200D9103C /* FavoriteButton.swift */,
			);
			path = SubClasses;
			sourceTree = "<group>";
		};
		96CF5C6923311B4D00EB44CC /* Cells */ = {
			isa = PBXGroup;
			children = (
				96CF5C6A23311B5F00EB44CC /* BeerTableViewCell.swift */,
				96947F5423321CCF00B5ECBD /* HopsTableViewCell.swift */,
				96947F5223321BB300B5ECBD /* HopsTableViewCell.xib */,
				96947F5E2332315400B5ECBD /* MaltTableViewCell.swift */,
				96947F5C2332314300B5ECBD /* MaltTableViewCell.xib */,
			);
			path = Cells;
			sourceTree = "<group>";
		};
		96CF5C6E233129D400EB44CC /* Contants */ = {
			isa = PBXGroup;
			children = (
				96CF5C6F233129EC00EB44CC /* Constants.swift */,
			);
			path = Contants;
			sourceTree = "<group>";
		};
		A755119243437F2C0BA1AC8F /* Frameworks */ = {
			isa = PBXGroup;
			children = (
				366A04435EC9435898DAF0A8 /* Pods_PunkBeer.framework */,
				F9F71253E77CED5A3374FB33 /* Pods_PunkBeerTests.framework */,
				E9088F0BB5FE18F9D845186D /* Pods_PunkBeerUITests.framework */,
			);
			name = Frameworks;
			sourceTree = "<group>";
		};
/* End PBXGroup section */

/* Begin PBXNativeTarget section */
		96728292232FE0A300CB401B /* PunkBeer */ = {
			isa = PBXNativeTarget;
			buildConfigurationList = 967282BB232FE0A400CB401B /* Build configuration list for PBXNativeTarget "PunkBeer" */;
			buildPhases = (
				07705D32FDFFD0596528E52B /* [CP] Check Pods Manifest.lock */,
				9672828F232FE0A300CB401B /* Sources */,
				96728290232FE0A300CB401B /* Frameworks */,
				96728291232FE0A300CB401B /* Resources */,
				139A7375C3B4AC81133EB81E /* [CP] Embed Pods Frameworks */,
			);
			buildRules = (
			);
			dependencies = (
			);
			name = PunkBeer;
			productName = PunkBeer;
			productReference = 96728293232FE0A300CB401B /* PunkBeer.app */;
			productType = "com.apple.product-type.application";
		};
		967282A6232FE0A400CB401B /* PunkBeerTests */ = {
			isa = PBXNativeTarget;
			buildConfigurationList = 967282BE232FE0A400CB401B /* Build configuration list for PBXNativeTarget "PunkBeerTests" */;
			buildPhases = (
				79D8D03E55FD4D6C609645A3 /* [CP] Check Pods Manifest.lock */,
				967282A3232FE0A400CB401B /* Sources */,
				967282A4232FE0A400CB401B /* Frameworks */,
				967282A5232FE0A400CB401B /* Resources */,
			);
			buildRules = (
			);
			dependencies = (
				967282A9232FE0A400CB401B /* PBXTargetDependency */,
			);
			name = PunkBeerTests;
			productName = PunkBeerTests;
			productReference = 967282A7232FE0A400CB401B /* PunkBeerTests.xctest */;
			productType = "com.apple.product-type.bundle.unit-test";
		};
		967282B1232FE0A400CB401B /* PunkBeerUITests */ = {
			isa = PBXNativeTarget;
			buildConfigurationList = 967282C1232FE0A400CB401B /* Build configuration list for PBXNativeTarget "PunkBeerUITests" */;
			buildPhases = (
				5603FC2F9FC92DDD41B22EB6 /* [CP] Check Pods Manifest.lock */,
				967282AE232FE0A400CB401B /* Sources */,
				967282AF232FE0A400CB401B /* Frameworks */,
				967282B0232FE0A400CB401B /* Resources */,
			);
			buildRules = (
			);
			dependencies = (
				967282B4232FE0A400CB401B /* PBXTargetDependency */,
			);
			name = PunkBeerUITests;
			productName = PunkBeerUITests;
			productReference = 967282B2232FE0A400CB401B /* PunkBeerUITests.xctest */;
			productType = "com.apple.product-type.bundle.ui-testing";
		};
/* End PBXNativeTarget section */

/* Begin PBXProject section */
		9672828B232FE0A300CB401B /* Project object */ = {
			isa = PBXProject;
			attributes = {
				LastSwiftUpdateCheck = 1030;
				LastUpgradeCheck = 1030;
				ORGANIZATIONNAME = EASIFY;
				TargetAttributes = {
					96728292232FE0A300CB401B = {
						CreatedOnToolsVersion = 10.3;
					};
					967282A6232FE0A400CB401B = {
						CreatedOnToolsVersion = 10.3;
						TestTargetID = 96728292232FE0A300CB401B;
					};
					967282B1232FE0A400CB401B = {
						CreatedOnToolsVersion = 10.3;
						TestTargetID = 96728292232FE0A300CB401B;
					};
				};
			};
			buildConfigurationList = 9672828E232FE0A300CB401B /* Build configuration list for PBXProject "PunkBeer" */;
			compatibilityVersion = "Xcode 9.3";
			developmentRegion = en;
			hasScannedForEncodings = 0;
			knownRegions = (
				en,
				Base,
			);
			mainGroup = 9672828A232FE0A300CB401B;
			productRefGroup = 96728294232FE0A300CB401B /* Products */;
			projectDirPath = "";
			projectRoot = "";
			targets = (
				96728292232FE0A300CB401B /* PunkBeer */,
				967282A6232FE0A400CB401B /* PunkBeerTests */,
				967282B1232FE0A400CB401B /* PunkBeerUITests */,
			);
		};
/* End PBXProject section */

/* Begin PBXResourcesBuildPhase section */
		96728291232FE0A300CB401B /* Resources */ = {
			isa = PBXResourcesBuildPhase;
			buildActionMask = 2147483647;
			files = (
				9644F3FB23305509001D2420 /* Main.storyboard in Resources */,
				96947F5323321BB300B5ECBD /* HopsTableViewCell.xib in Resources */,
				9683C6EF23314AB600D9103C /* beer.png in Resources */,
				9683C6F023314AB600D9103C /* favorites.png in Resources */,
				96947F5D2332314300B5ECBD /* MaltTableViewCell.xib in Resources */,
				967282A1232FE0A400CB401B /* LaunchScreen.storyboard in Resources */,
				9672829E232FE0A400CB401B /* Assets.xcassets in Resources */,
			);
			runOnlyForDeploymentPostprocessing = 0;
		};
		967282A5232FE0A400CB401B /* Resources */ = {
			isa = PBXResourcesBuildPhase;
			buildActionMask = 2147483647;
			files = (
			);
			runOnlyForDeploymentPostprocessing = 0;
		};
		967282B0232FE0A400CB401B /* Resources */ = {
			isa = PBXResourcesBuildPhase;
			buildActionMask = 2147483647;
			files = (
			);
			runOnlyForDeploymentPostprocessing = 0;
		};
/* End PBXResourcesBuildPhase section */

/* Begin PBXShellScriptBuildPhase section */
		07705D32FDFFD0596528E52B /* [CP] Check Pods Manifest.lock */ = {
			isa = PBXShellScriptBuildPhase;
			buildActionMask = 2147483647;
			files = (
			);
			inputFileListPaths = (
			);
			inputPaths = (
				"${PODS_PODFILE_DIR_PATH}/Podfile.lock",
				"${PODS_ROOT}/Manifest.lock",
			);
			name = "[CP] Check Pods Manifest.lock";
			outputFileListPaths = (
			);
			outputPaths = (
				"$(DERIVED_FILE_DIR)/Pods-PunkBeer-checkManifestLockResult.txt",
			);
			runOnlyForDeploymentPostprocessing = 0;
			shellPath = /bin/sh;
			shellScript = "diff \"${PODS_PODFILE_DIR_PATH}/Podfile.lock\" \"${PODS_ROOT}/Manifest.lock\" > /dev/null\nif [ $? != 0 ] ; then\n    # print error to STDERR\n    echo \"error: The sandbox is not in sync with the Podfile.lock. Run 'pod install' or update your CocoaPods installation.\" >&2\n    exit 1\nfi\n# This output is used by Xcode 'outputs' to avoid re-running this script phase.\necho \"SUCCESS\" > \"${SCRIPT_OUTPUT_FILE_0}\"\n";
			showEnvVarsInLog = 0;
		};
		139A7375C3B4AC81133EB81E /* [CP] Embed Pods Frameworks */ = {
			isa = PBXShellScriptBuildPhase;
			buildActionMask = 2147483647;
			files = (
			);
			inputFileListPaths = (
				"${PODS_ROOT}/Target Support Files/Pods-PunkBeer/Pods-PunkBeer-frameworks-${CONFIGURATION}-input-files.xcfilelist",
			);
			name = "[CP] Embed Pods Frameworks";
			outputFileListPaths = (
				"${PODS_ROOT}/Target Support Files/Pods-PunkBeer/Pods-PunkBeer-frameworks-${CONFIGURATION}-output-files.xcfilelist",
			);
			runOnlyForDeploymentPostprocessing = 0;
			shellPath = /bin/sh;
			shellScript = "\"${PODS_ROOT}/Target Support Files/Pods-PunkBeer/Pods-PunkBeer-frameworks.sh\"\n";
			showEnvVarsInLog = 0;
		};
		5603FC2F9FC92DDD41B22EB6 /* [CP] Check Pods Manifest.lock */ = {
			isa = PBXShellScriptBuildPhase;
			buildActionMask = 2147483647;
			files = (
			);
			inputFileListPaths = (
			);
			inputPaths = (
				"${PODS_PODFILE_DIR_PATH}/Podfile.lock",
				"${PODS_ROOT}/Manifest.lock",
			);
			name = "[CP] Check Pods Manifest.lock";
			outputFileListPaths = (
			);
			outputPaths = (
				"$(DERIVED_FILE_DIR)/Pods-PunkBeerUITests-checkManifestLockResult.txt",
			);
			runOnlyForDeploymentPostprocessing = 0;
			shellPath = /bin/sh;
			shellScript = "diff \"${PODS_PODFILE_DIR_PATH}/Podfile.lock\" \"${PODS_ROOT}/Manifest.lock\" > /dev/null\nif [ $? != 0 ] ; then\n    # print error to STDERR\n    echo \"error: The sandbox is not in sync with the Podfile.lock. Run 'pod install' or update your CocoaPods installation.\" >&2\n    exit 1\nfi\n# This output is used by Xcode 'outputs' to avoid re-running this script phase.\necho \"SUCCESS\" > \"${SCRIPT_OUTPUT_FILE_0}\"\n";
			showEnvVarsInLog = 0;
		};
		79D8D03E55FD4D6C609645A3 /* [CP] Check Pods Manifest.lock */ = {
			isa = PBXShellScriptBuildPhase;
			buildActionMask = 2147483647;
			files = (
			);
			inputFileListPaths = (
			);
			inputPaths = (
				"${PODS_PODFILE_DIR_PATH}/Podfile.lock",
				"${PODS_ROOT}/Manifest.lock",
			);
			name = "[CP] Check Pods Manifest.lock";
			outputFileListPaths = (
			);
			outputPaths = (
				"$(DERIVED_FILE_DIR)/Pods-PunkBeerTests-checkManifestLockResult.txt",
			);
			runOnlyForDeploymentPostprocessing = 0;
			shellPath = /bin/sh;
			shellScript = "diff \"${PODS_PODFILE_DIR_PATH}/Podfile.lock\" \"${PODS_ROOT}/Manifest.lock\" > /dev/null\nif [ $? != 0 ] ; then\n    # print error to STDERR\n    echo \"error: The sandbox is not in sync with the Podfile.lock. Run 'pod install' or update your CocoaPods installation.\" >&2\n    exit 1\nfi\n# This output is used by Xcode 'outputs' to avoid re-running this script phase.\necho \"SUCCESS\" > \"${SCRIPT_OUTPUT_FILE_0}\"\n";
			showEnvVarsInLog = 0;
		};
/* End PBXShellScriptBuildPhase section */

/* Begin PBXSourcesBuildPhase section */
		9672828F232FE0A300CB401B /* Sources */ = {
			isa = PBXSourcesBuildPhase;
			buildActionMask = 2147483647;
			files = (
				96DBCF8823319F6B00E8F71C /* IngredientsTableViewController.swift in Sources */,
				96947F5523321CCF00B5ECBD /* HopsTableViewCell.swift in Sources */,
				9644F4012330591D001D2420 /* BeerListViewModel.swift in Sources */,
				96DBCF8A23319FB400E8F71C /* FoodPairingTableViewController.swift in Sources */,
				96947F5F2332315400B5ECBD /* MaltTableViewCell.swift in Sources */,
				96728297232FE0A300CB401B /* AppDelegate.swift in Sources */,
				96DBCF8623317C5C00E8F71C /* FavoritesViewModel.swift in Sources */,
				9644F3FF233057CE001D2420 /* Beer.swift in Sources */,
				96DBCF8423317BF600E8F71C /* FavoritesTableViewController.swift in Sources */,
				9683C6F723316B8D00D9103C /* DBManager.swift in Sources */,
				9644F3FD2330569E001D2420 /* BeerListTableViewController.swift in Sources */,
				9644F40323305B77001D2420 /* UIImageView+Cache.swift in Sources */,
				96CF5C70233129EC00EB44CC /* Constants.swift in Sources */,
				96CF5C662331090200EB44CC /* AlertDisplayer.swift in Sources */,
				9644F40523305BF4001D2420 /* BeerService.swift in Sources */,
				96CF5C6D233127CA00EB44CC /* BeerDetailViewController.swift in Sources */,
				9683C6F923316F7100D9103C /* Realm+toArray.swift in Sources */,
				96947F4D233210EC00B5ECBD /* FoodPairingViewModel.swift in Sources */,
				9683C6F52331647B00D9103C /* Favorite.swift in Sources */,
				96DBCF8C2331A20600E8F71C /* IngredientsViewModel.swift in Sources */,
				9683C6F323315A2200D9103C /* FavoriteButton.swift in Sources */,
				96947F5B23322FB800B5ECBD /* Double+toString.swift in Sources */,
				96CF5C6B23311B5F00EB44CC /* BeerTableViewCell.swift in Sources */,
			);
			runOnlyForDeploymentPostprocessing = 0;
		};
		967282A3232FE0A400CB401B /* Sources */ = {
			isa = PBXSourcesBuildPhase;
			buildActionMask = 2147483647;
			files = (
				967282AC232FE0A400CB401B /* PunkBeerTests.swift in Sources */,
			);
			runOnlyForDeploymentPostprocessing = 0;
		};
		967282AE232FE0A400CB401B /* Sources */ = {
			isa = PBXSourcesBuildPhase;
			buildActionMask = 2147483647;
			files = (
				967282B7232FE0A400CB401B /* PunkBeerUITests.swift in Sources */,
			);
			runOnlyForDeploymentPostprocessing = 0;
		};
/* End PBXSourcesBuildPhase section */

/* Begin PBXTargetDependency section */
		967282A9232FE0A400CB401B /* PBXTargetDependency */ = {
			isa = PBXTargetDependency;
			target = 96728292232FE0A300CB401B /* PunkBeer */;
			targetProxy = 967282A8232FE0A400CB401B /* PBXContainerItemProxy */;
		};
		967282B4232FE0A400CB401B /* PBXTargetDependency */ = {
			isa = PBXTargetDependency;
			target = 96728292232FE0A300CB401B /* PunkBeer */;
			targetProxy = 967282B3232FE0A400CB401B /* PBXContainerItemProxy */;
		};
/* End PBXTargetDependency section */

/* Begin PBXVariantGroup section */
		9672829F232FE0A400CB401B /* LaunchScreen.storyboard */ = {
			isa = PBXVariantGroup;
			children = (
				967282A0232FE0A400CB401B /* Base */,
			);
			name = LaunchScreen.storyboard;
			sourceTree = "<group>";
		};
/* End PBXVariantGroup section */

/* Begin XCBuildConfiguration section */
		967282B9232FE0A400CB401B /* Debug */ = {
			isa = XCBuildConfiguration;
			buildSettings = {
				ALWAYS_SEARCH_USER_PATHS = NO;
				CLANG_ANALYZER_NONNULL = YES;
				CLANG_ANALYZER_NUMBER_OBJECT_CONVERSION = YES_AGGRESSIVE;
				CLANG_CXX_LANGUAGE_STANDARD = "gnu++14";
				CLANG_CXX_LIBRARY = "libc++";
				CLANG_ENABLE_MODULES = YES;
				CLANG_ENABLE_OBJC_ARC = YES;
				CLANG_ENABLE_OBJC_WEAK = YES;
				CLANG_WARN_BLOCK_CAPTURE_AUTORELEASING = YES;
				CLANG_WARN_BOOL_CONVERSION = YES;
				CLANG_WARN_COMMA = YES;
				CLANG_WARN_CONSTANT_CONVERSION = YES;
				CLANG_WARN_DEPRECATED_OBJC_IMPLEMENTATIONS = YES;
				CLANG_WARN_DIRECT_OBJC_ISA_USAGE = YES_ERROR;
				CLANG_WARN_DOCUMENTATION_COMMENTS = YES;
				CLANG_WARN_EMPTY_BODY = YES;
				CLANG_WARN_ENUM_CONVERSION = YES;
				CLANG_WARN_INFINITE_RECURSION = YES;
				CLANG_WARN_INT_CONVERSION = YES;
				CLANG_WARN_NON_LITERAL_NULL_CONVERSION = YES;
				CLANG_WARN_OBJC_IMPLICIT_RETAIN_SELF = YES;
				CLANG_WARN_OBJC_LITERAL_CONVERSION = YES;
				CLANG_WARN_OBJC_ROOT_CLASS = YES_ERROR;
				CLANG_WARN_RANGE_LOOP_ANALYSIS = YES;
				CLANG_WARN_STRICT_PROTOTYPES = YES;
				CLANG_WARN_SUSPICIOUS_MOVE = YES;
				CLANG_WARN_UNGUARDED_AVAILABILITY = YES_AGGRESSIVE;
				CLANG_WARN_UNREACHABLE_CODE = YES;
				CLANG_WARN__DUPLICATE_METHOD_MATCH = YES;
				CODE_SIGN_IDENTITY = "iPhone Developer";
				COPY_PHASE_STRIP = NO;
				DEBUG_INFORMATION_FORMAT = dwarf;
				ENABLE_STRICT_OBJC_MSGSEND = YES;
				ENABLE_TESTABILITY = YES;
				GCC_C_LANGUAGE_STANDARD = gnu11;
				GCC_DYNAMIC_NO_PIC = NO;
				GCC_NO_COMMON_BLOCKS = YES;
				GCC_OPTIMIZATION_LEVEL = 0;
				GCC_PREPROCESSOR_DEFINITIONS = (
					"DEBUG=1",
					"$(inherited)",
				);
				GCC_WARN_64_TO_32_BIT_CONVERSION = YES;
				GCC_WARN_ABOUT_RETURN_TYPE = YES_ERROR;
				GCC_WARN_UNDECLARED_SELECTOR = YES;
				GCC_WARN_UNINITIALIZED_AUTOS = YES_AGGRESSIVE;
				GCC_WARN_UNUSED_FUNCTION = YES;
				GCC_WARN_UNUSED_VARIABLE = YES;
				IPHONEOS_DEPLOYMENT_TARGET = 12.4;
				MTL_ENABLE_DEBUG_INFO = INCLUDE_SOURCE;
				MTL_FAST_MATH = YES;
				ONLY_ACTIVE_ARCH = YES;
				SDKROOT = iphoneos;
				SWIFT_ACTIVE_COMPILATION_CONDITIONS = DEBUG;
				SWIFT_OPTIMIZATION_LEVEL = "-Onone";
			};
			name = Debug;
		};
		967282BA232FE0A400CB401B /* Release */ = {
			isa = XCBuildConfiguration;
			buildSettings = {
				ALWAYS_SEARCH_USER_PATHS = NO;
				CLANG_ANALYZER_NONNULL = YES;
				CLANG_ANALYZER_NUMBER_OBJECT_CONVERSION = YES_AGGRESSIVE;
				CLANG_CXX_LANGUAGE_STANDARD = "gnu++14";
				CLANG_CXX_LIBRARY = "libc++";
				CLANG_ENABLE_MODULES = YES;
				CLANG_ENABLE_OBJC_ARC = YES;
				CLANG_ENABLE_OBJC_WEAK = YES;
				CLANG_WARN_BLOCK_CAPTURE_AUTORELEASING = YES;
				CLANG_WARN_BOOL_CONVERSION = YES;
				CLANG_WARN_COMMA = YES;
				CLANG_WARN_CONSTANT_CONVERSION = YES;
				CLANG_WARN_DEPRECATED_OBJC_IMPLEMENTATIONS = YES;
				CLANG_WARN_DIRECT_OBJC_ISA_USAGE = YES_ERROR;
				CLANG_WARN_DOCUMENTATION_COMMENTS = YES;
				CLANG_WARN_EMPTY_BODY = YES;
				CLANG_WARN_ENUM_CONVERSION = YES;
				CLANG_WARN_INFINITE_RECURSION = YES;
				CLANG_WARN_INT_CONVERSION = YES;
				CLANG_WARN_NON_LITERAL_NULL_CONVERSION = YES;
				CLANG_WARN_OBJC_IMPLICIT_RETAIN_SELF = YES;
				CLANG_WARN_OBJC_LITERAL_CONVERSION = YES;
				CLANG_WARN_OBJC_ROOT_CLASS = YES_ERROR;
				CLANG_WARN_RANGE_LOOP_ANALYSIS = YES;
				CLANG_WARN_STRICT_PROTOTYPES = YES;
				CLANG_WARN_SUSPICIOUS_MOVE = YES;
				CLANG_WARN_UNGUARDED_AVAILABILITY = YES_AGGRESSIVE;
				CLANG_WARN_UNREACHABLE_CODE = YES;
				CLANG_WARN__DUPLICATE_METHOD_MATCH = YES;
				CODE_SIGN_IDENTITY = "iPhone Developer";
				COPY_PHASE_STRIP = NO;
				DEBUG_INFORMATION_FORMAT = "dwarf-with-dsym";
				ENABLE_NS_ASSERTIONS = NO;
				ENABLE_STRICT_OBJC_MSGSEND = YES;
				GCC_C_LANGUAGE_STANDARD = gnu11;
				GCC_NO_COMMON_BLOCKS = YES;
				GCC_WARN_64_TO_32_BIT_CONVERSION = YES;
				GCC_WARN_ABOUT_RETURN_TYPE = YES_ERROR;
				GCC_WARN_UNDECLARED_SELECTOR = YES;
				GCC_WARN_UNINITIALIZED_AUTOS = YES_AGGRESSIVE;
				GCC_WARN_UNUSED_FUNCTION = YES;
				GCC_WARN_UNUSED_VARIABLE = YES;
				IPHONEOS_DEPLOYMENT_TARGET = 12.4;
				MTL_ENABLE_DEBUG_INFO = NO;
				MTL_FAST_MATH = YES;
				SDKROOT = iphoneos;
				SWIFT_COMPILATION_MODE = wholemodule;
				SWIFT_OPTIMIZATION_LEVEL = "-O";
				VALIDATE_PRODUCT = YES;
			};
			name = Release;
		};
		967282BC232FE0A400CB401B /* Debug */ = {
			isa = XCBuildConfiguration;
			baseConfigurationReference = C5F25F36CEFE8A89ACA47553 /* Pods-PunkBeer.debug.xcconfig */;
			buildSettings = {
				ASSETCATALOG_COMPILER_APPICON_NAME = AppIcon;
				CODE_SIGN_STYLE = Automatic;
				DEVELOPMENT_TEAM = 9GXPKHW5VP;
				INFOPLIST_FILE = "$(SRCROOT)/PunkBeer/Resources/Info.plist";
				LD_RUNPATH_SEARCH_PATHS = (
					"$(inherited)",
					"@executable_path/Frameworks",
				);
				PRODUCT_BUNDLE_IDENTIFIER = br.net.easify.PunkBeer;
				PRODUCT_NAME = "$(TARGET_NAME)";
				SWIFT_VERSION = 4.0;
				TARGETED_DEVICE_FAMILY = "1,2";
			};
			name = Debug;
		};
		967282BD232FE0A400CB401B /* Release */ = {
			isa = XCBuildConfiguration;
			baseConfigurationReference = DD4A9C4C6E1938CFC3D98981 /* Pods-PunkBeer.release.xcconfig */;
			buildSettings = {
				ASSETCATALOG_COMPILER_APPICON_NAME = AppIcon;
				CODE_SIGN_STYLE = Automatic;
				DEVELOPMENT_TEAM = 9GXPKHW5VP;
				INFOPLIST_FILE = "$(SRCROOT)/PunkBeer/Resources/Info.plist";
				LD_RUNPATH_SEARCH_PATHS = (
					"$(inherited)",
					"@executable_path/Frameworks",
				);
				PRODUCT_BUNDLE_IDENTIFIER = br.net.easify.PunkBeer;
				PRODUCT_NAME = "$(TARGET_NAME)";
				SWIFT_VERSION = 4.0;
				TARGETED_DEVICE_FAMILY = "1,2";
			};
			name = Release;
		};
		967282BF232FE0A400CB401B /* Debug */ = {
			isa = XCBuildConfiguration;
			baseConfigurationReference = 5ADA0B4F073D1D6426086872 /* Pods-PunkBeerTests.debug.xcconfig */;
			buildSettings = {
				ALWAYS_EMBED_SWIFT_STANDARD_LIBRARIES = YES;
				BUNDLE_LOADER = "$(TEST_HOST)";
				CODE_SIGN_STYLE = Automatic;
				DEVELOPMENT_TEAM = 9GXPKHW5VP;
				INFOPLIST_FILE = PunkBeerTests/Info.plist;
				LD_RUNPATH_SEARCH_PATHS = (
					"$(inherited)",
					"@executable_path/Frameworks",
					"@loader_path/Frameworks",
				);
				PRODUCT_BUNDLE_IDENTIFIER = br.net.easify.PunkBeerTests;
				PRODUCT_NAME = "$(TARGET_NAME)";
				SWIFT_VERSION = 5.0;
				TARGETED_DEVICE_FAMILY = "1,2";
				TEST_HOST = "$(BUILT_PRODUCTS_DIR)/PunkBeer.app/PunkBeer";
			};
			name = Debug;
		};
		967282C0232FE0A400CB401B /* Release */ = {
			isa = XCBuildConfiguration;
			baseConfigurationReference = 779296B1FB63724FBDF709E0 /* Pods-PunkBeerTests.release.xcconfig */;
			buildSettings = {
				ALWAYS_EMBED_SWIFT_STANDARD_LIBRARIES = YES;
				BUNDLE_LOADER = "$(TEST_HOST)";
				CODE_SIGN_STYLE = Automatic;
				DEVELOPMENT_TEAM = 9GXPKHW5VP;
				INFOPLIST_FILE = PunkBeerTests/Info.plist;
				LD_RUNPATH_SEARCH_PATHS = (
					"$(inherited)",
					"@executable_path/Frameworks",
					"@loader_path/Frameworks",
				);
				PRODUCT_BUNDLE_IDENTIFIER = br.net.easify.PunkBeerTests;
				PRODUCT_NAME = "$(TARGET_NAME)";
				SWIFT_VERSION = 5.0;
				TARGETED_DEVICE_FAMILY = "1,2";
				TEST_HOST = "$(BUILT_PRODUCTS_DIR)/PunkBeer.app/PunkBeer";
			};
			name = Release;
		};
		967282C2232FE0A400CB401B /* Debug */ = {
			isa = XCBuildConfiguration;
			baseConfigurationReference = 6BF7C39F41226AD1B642898F /* Pods-PunkBeerUITests.debug.xcconfig */;
			buildSettings = {
				ALWAYS_EMBED_SWIFT_STANDARD_LIBRARIES = YES;
				CODE_SIGN_STYLE = Automatic;
				DEVELOPMENT_TEAM = 9GXPKHW5VP;
				INFOPLIST_FILE = PunkBeerUITests/Info.plist;
				LD_RUNPATH_SEARCH_PATHS = (
					"$(inherited)",
					"@executable_path/Frameworks",
					"@loader_path/Frameworks",
				);
				PRODUCT_BUNDLE_IDENTIFIER = br.net.easify.PunkBeerUITests;
				PRODUCT_NAME = "$(TARGET_NAME)";
				SWIFT_VERSION = 5.0;
				TARGETED_DEVICE_FAMILY = "1,2";
				TEST_TARGET_NAME = PunkBeer;
			};
			name = Debug;
		};
		967282C3232FE0A400CB401B /* Release */ = {
			isa = XCBuildConfiguration;
			baseConfigurationReference = FDA6B055DC4D0EA5152743CE /* Pods-PunkBeerUITests.release.xcconfig */;
			buildSettings = {
				ALWAYS_EMBED_SWIFT_STANDARD_LIBRARIES = YES;
				CODE_SIGN_STYLE = Automatic;
				DEVELOPMENT_TEAM = 9GXPKHW5VP;
				INFOPLIST_FILE = PunkBeerUITests/Info.plist;
				LD_RUNPATH_SEARCH_PATHS = (
					"$(inherited)",
					"@executable_path/Frameworks",
					"@loader_path/Frameworks",
				);
				PRODUCT_BUNDLE_IDENTIFIER = br.net.easify.PunkBeerUITests;
				PRODUCT_NAME = "$(TARGET_NAME)";
				SWIFT_VERSION = 5.0;
				TARGETED_DEVICE_FAMILY = "1,2";
				TEST_TARGET_NAME = PunkBeer;
			};
			name = Release;
		};
/* End XCBuildConfiguration section */

/* Begin XCConfigurationList section */
		9672828E232FE0A300CB401B /* Build configuration list for PBXProject "PunkBeer" */ = {
			isa = XCConfigurationList;
			buildConfigurations = (
				967282B9232FE0A400CB401B /* Debug */,
				967282BA232FE0A400CB401B /* Release */,
			);
			defaultConfigurationIsVisible = 0;
			defaultConfigurationName = Release;
		};
		967282BB232FE0A400CB401B /* Build configuration list for PBXNativeTarget "PunkBeer" */ = {
			isa = XCConfigurationList;
			buildConfigurations = (
				967282BC232FE0A400CB401B /* Debug */,
				967282BD232FE0A400CB401B /* Release */,
			);
			defaultConfigurationIsVisible = 0;
			defaultConfigurationName = Release;
		};
		967282BE232FE0A400CB401B /* Build configuration list for PBXNativeTarget "PunkBeerTests" */ = {
			isa = XCConfigurationList;
			buildConfigurations = (
				967282BF232FE0A400CB401B /* Debug */,
				967282C0232FE0A400CB401B /* Release */,
			);
			defaultConfigurationIsVisible = 0;
			defaultConfigurationName = Release;
		};
		967282C1232FE0A400CB401B /* Build configuration list for PBXNativeTarget "PunkBeerUITests" */ = {
			isa = XCConfigurationList;
			buildConfigurations = (
				967282C2232FE0A400CB401B /* Debug */,
				967282C3232FE0A400CB401B /* Release */,
			);
			defaultConfigurationIsVisible = 0;
			defaultConfigurationName = Release;
		};
/* End XCConfigurationList section */
	};
	rootObject = 9672828B232FE0A300CB401B /* Project object */;
}
